
Microsoft Visual Studio Solution File, Format Version 12.00
# Visual Studio 15
VisualStudioVersion = 15.0.26430.12
MinimumVisualStudioVersion = 10.0.40219.1
Project("{2150E333-8FDC-42A3-9474-1A3956D46DE8}") = "0. Solution items", "0. Solution items", "{7664A776-FBC4-4DB1-BE35-29E9664E24B4}"
	ProjectSection(SolutionItems) = preProject
		.gitignore = .gitignore
		LICENSE = LICENSE
		README.md = README.md
		settings.yaml = settings.yaml
		.editorconfig = .editorconfig
		.gitattributes = .gitattributes
		CODEOWNERS = CODEOWNERS
	EndProjectSection
EndProject
Project("{2150E333-8FDC-42A3-9474-1A3956D46DE8}") = "1. Domain", "1. Domain", "{CC2067D7-1971-47BB-B491-5649EA3C18B2}"
EndProject
Project("{9A19103F-16F7-4668-BE54-9A1E7A4F7556}") = "Lykke.Service.IndexHedgingEngine.Domain", "src\Lykke.Service.IndexHedgingEngine.Domain\Lykke.Service.IndexHedgingEngine.Domain.csproj", "{F5B2F6B8-A8CC-4612-8F1D-C063EB8C8955}"
EndProject
Project("{9A19103F-16F7-4668-BE54-9A1E7A4F7556}") = "Lykke.Service.IndexHedgingEngine.DomainServices", "src\Lykke.Service.IndexHedgingEngine.DomainServices\Lykke.Service.IndexHedgingEngine.DomainServices.csproj", "{2D5F52EC-2A27-4045-81ED-72355E2A6325}"
EndProject
Project("{2150E333-8FDC-42A3-9474-1A3956D46DE8}") = "2. Repositories", "2. Repositories", "{BF745453-B940-470E-81BC-43FB67703D4E}"
EndProject
Project("{9A19103F-16F7-4668-BE54-9A1E7A4F7556}") = "Lykke.Service.IndexHedgingEngine.AzureRepositories", "src\Lykke.Service.IndexHedgingEngine.AzureRepositories\Lykke.Service.IndexHedgingEngine.AzureRepositories.csproj", "{4BE49E02-AAAD-460B-8D00-57F412A3D181}"
EndProject
Project("{2150E333-8FDC-42A3-9474-1A3956D46DE8}") = "3. Contract", "3. Contract", "{14B5AF15-F733-4EF0-9FB9-3E61C4C83ADD}"
EndProject
Project("{9A19103F-16F7-4668-BE54-9A1E7A4F7556}") = "Lykke.Service.IndexHedgingEngine.Contract", "contract\Lykke.Service.IndexHedgingEngine.Contract\Lykke.Service.IndexHedgingEngine.Contract.csproj", "{931B95E3-AF9F-4A4C-9C6A-5959C2FBCAC9}"
EndProject
Project("{2150E333-8FDC-42A3-9474-1A3956D46DE8}") = "4. Client", "4. Client", "{C9A2CFDE-EA32-4946-B679-7CE6EFA816B8}"
EndProject
Project("{9A19103F-16F7-4668-BE54-9A1E7A4F7556}") = "Lykke.Service.IndexHedgingEngine.Client", "client\Lykke.Service.IndexHedgingEngine.Client\Lykke.Service.IndexHedgingEngine.Client.csproj", "{3C300C31-97D3-41E8-A627-C53491BDA28B}"
EndProject
Project("{2150E333-8FDC-42A3-9474-1A3956D46DE8}") = "5. Tests", "5. Tests", "{8F9036B1-5106-4C69-B2D2-B78EE52687A0}"
EndProject
Project("{9A19103F-16F7-4668-BE54-9A1E7A4F7556}") = "Lykke.Service.IndexHedgingEngine.Tests", "tests\Lykke.Service.IndexHedgingEngine.Tests\Lykke.Service.IndexHedgingEngine.Tests.csproj", "{A61FFDEE-5725-4650-A788-6E55EE5EFD5B}"
EndProject
Project("{9A19103F-16F7-4668-BE54-9A1E7A4F7556}") = "Lykke.Service.IndexHedgingEngine", "src\Lykke.Service.IndexHedgingEngine\Lykke.Service.IndexHedgingEngine.csproj", "{E414FDB9-FEEA-4CD0-9BBA-D1541601DF29}"
EndProject
Project("{FAE04EC0-301F-11D3-BF4B-00C04F79EFBC}") = "Lykke.Service.IndexHedgingEngine.AzureRepositories.Tests", "tests\Lykke.Service.IndexHedgingEngine.AzureRepositories.Tests\Lykke.Service.IndexHedgingEngine.AzureRepositories.Tests.csproj", "{A93A1937-A884-4A90-BCEC-3EAA489202D0}"
EndProject
Project("{FAE04EC0-301F-11D3-BF4B-00C04F79EFBC}") = "Lykke.Service.IndexHedgingEngine.DomainServices.Tests", "tests\Lykke.Service.IndexHedgingEngine.DomainServices.Tests\Lykke.Service.IndexHedgingEngine.DomainServices.Tests.csproj", "{FBA669EF-361B-4F5F-8D29-99D3119B0118}"
EndProject
Project("{FAE04EC0-301F-11D3-BF4B-00C04F79EFBC}") = "Lykke.Service.IndexHedgingEngine.Domain.Tests", "tests\Lykke.Service.IndexHedgingEngine.Domain.Tests\Lykke.Service.IndexHedgingEngine.Domain.Tests.csproj", "{3F711140-DF9F-488D-BA55-36F1646AD500}"
EndProject
Global
	GlobalSection(SolutionConfigurationPlatforms) = preSolution
		Debug|Any CPU = Debug|Any CPU
		Release|Any CPU = Release|Any CPU
	EndGlobalSection
	GlobalSection(ProjectConfigurationPlatforms) = postSolution
		{F5B2F6B8-A8CC-4612-8F1D-C063EB8C8955}.Debug|Any CPU.ActiveCfg = Debug|Any CPU
		{F5B2F6B8-A8CC-4612-8F1D-C063EB8C8955}.Debug|Any CPU.Build.0 = Debug|Any CPU
		{F5B2F6B8-A8CC-4612-8F1D-C063EB8C8955}.Release|Any CPU.ActiveCfg = Release|Any CPU
		{F5B2F6B8-A8CC-4612-8F1D-C063EB8C8955}.Release|Any CPU.Build.0 = Release|Any CPU
		{2D5F52EC-2A27-4045-81ED-72355E2A6325}.Debug|Any CPU.ActiveCfg = Debug|Any CPU
		{2D5F52EC-2A27-4045-81ED-72355E2A6325}.Debug|Any CPU.Build.0 = Debug|Any CPU
		{2D5F52EC-2A27-4045-81ED-72355E2A6325}.Release|Any CPU.ActiveCfg = Release|Any CPU
		{2D5F52EC-2A27-4045-81ED-72355E2A6325}.Release|Any CPU.Build.0 = Release|Any CPU
		{4BE49E02-AAAD-460B-8D00-57F412A3D181}.Debug|Any CPU.ActiveCfg = Debug|Any CPU
		{4BE49E02-AAAD-460B-8D00-57F412A3D181}.Debug|Any CPU.Build.0 = Debug|Any CPU
		{4BE49E02-AAAD-460B-8D00-57F412A3D181}.Release|Any CPU.ActiveCfg = Release|Any CPU
		{4BE49E02-AAAD-460B-8D00-57F412A3D181}.Release|Any CPU.Build.0 = Release|Any CPU
		{931B95E3-AF9F-4A4C-9C6A-5959C2FBCAC9}.Debug|Any CPU.ActiveCfg = Debug|Any CPU
		{931B95E3-AF9F-4A4C-9C6A-5959C2FBCAC9}.Debug|Any CPU.Build.0 = Debug|Any CPU
		{931B95E3-AF9F-4A4C-9C6A-5959C2FBCAC9}.Release|Any CPU.ActiveCfg = Release|Any CPU
		{931B95E3-AF9F-4A4C-9C6A-5959C2FBCAC9}.Release|Any CPU.Build.0 = Release|Any CPU
		{3C300C31-97D3-41E8-A627-C53491BDA28B}.Debug|Any CPU.ActiveCfg = Debug|Any CPU
		{3C300C31-97D3-41E8-A627-C53491BDA28B}.Debug|Any CPU.Build.0 = Debug|Any CPU
		{3C300C31-97D3-41E8-A627-C53491BDA28B}.Release|Any CPU.ActiveCfg = Release|Any CPU
		{3C300C31-97D3-41E8-A627-C53491BDA28B}.Release|Any CPU.Build.0 = Release|Any CPU
		{A61FFDEE-5725-4650-A788-6E55EE5EFD5B}.Debug|Any CPU.ActiveCfg = Debug|Any CPU
		{A61FFDEE-5725-4650-A788-6E55EE5EFD5B}.Debug|Any CPU.Build.0 = Debug|Any CPU
		{A61FFDEE-5725-4650-A788-6E55EE5EFD5B}.Release|Any CPU.ActiveCfg = Release|Any CPU
		{A61FFDEE-5725-4650-A788-6E55EE5EFD5B}.Release|Any CPU.Build.0 = Release|Any CPU
		{E414FDB9-FEEA-4CD0-9BBA-D1541601DF29}.Debug|Any CPU.ActiveCfg = Debug|Any CPU
		{E414FDB9-FEEA-4CD0-9BBA-D1541601DF29}.Debug|Any CPU.Build.0 = Debug|Any CPU
		{E414FDB9-FEEA-4CD0-9BBA-D1541601DF29}.Release|Any CPU.ActiveCfg = Release|Any CPU
		{E414FDB9-FEEA-4CD0-9BBA-D1541601DF29}.Release|Any CPU.Build.0 = Release|Any CPU
		{A93A1937-A884-4A90-BCEC-3EAA489202D0}.Debug|Any CPU.ActiveCfg = Debug|Any CPU
		{A93A1937-A884-4A90-BCEC-3EAA489202D0}.Debug|Any CPU.Build.0 = Debug|Any CPU
		{A93A1937-A884-4A90-BCEC-3EAA489202D0}.Release|Any CPU.ActiveCfg = Release|Any CPU
		{A93A1937-A884-4A90-BCEC-3EAA489202D0}.Release|Any CPU.Build.0 = Release|Any CPU
		{FBA669EF-361B-4F5F-8D29-99D3119B0118}.Debug|Any CPU.ActiveCfg = Debug|Any CPU
		{FBA669EF-361B-4F5F-8D29-99D3119B0118}.Debug|Any CPU.Build.0 = Debug|Any CPU
		{FBA669EF-361B-4F5F-8D29-99D3119B0118}.Release|Any CPU.ActiveCfg = Release|Any CPU
		{FBA669EF-361B-4F5F-8D29-99D3119B0118}.Release|Any CPU.Build.0 = Release|Any CPU
		{3F711140-DF9F-488D-BA55-36F1646AD500}.Debug|Any CPU.ActiveCfg = Debug|Any CPU
		{3F711140-DF9F-488D-BA55-36F1646AD500}.Debug|Any CPU.Build.0 = Debug|Any CPU
		{3F711140-DF9F-488D-BA55-36F1646AD500}.Release|Any CPU.ActiveCfg = Release|Any CPU
		{3F711140-DF9F-488D-BA55-36F1646AD500}.Release|Any CPU.Build.0 = Release|Any CPU
	EndGlobalSection
	GlobalSection(SolutionProperties) = preSolution
		HideSolutionNode = FALSE
	EndGlobalSection
	GlobalSection(NestedProjects) = preSolution
		{F5B2F6B8-A8CC-4612-8F1D-C063EB8C8955} = {CC2067D7-1971-47BB-B491-5649EA3C18B2}
		{2D5F52EC-2A27-4045-81ED-72355E2A6325} = {CC2067D7-1971-47BB-B491-5649EA3C18B2}
		{4BE49E02-AAAD-460B-8D00-57F412A3D181} = {BF745453-B940-470E-81BC-43FB67703D4E}
		{931B95E3-AF9F-4A4C-9C6A-5959C2FBCAC9} = {14B5AF15-F733-4EF0-9FB9-3E61C4C83ADD}
		{3C300C31-97D3-41E8-A627-C53491BDA28B} = {C9A2CFDE-EA32-4946-B679-7CE6EFA816B8}
		{A61FFDEE-5725-4650-A788-6E55EE5EFD5B} = {8F9036B1-5106-4C69-B2D2-B78EE52687A0}
		{A93A1937-A884-4A90-BCEC-3EAA489202D0} = {8F9036B1-5106-4C69-B2D2-B78EE52687A0}
		{FBA669EF-361B-4F5F-8D29-99D3119B0118} = {8F9036B1-5106-4C69-B2D2-B78EE52687A0}
		{3F711140-DF9F-488D-BA55-36F1646AD500} = {8F9036B1-5106-4C69-B2D2-B78EE52687A0}
	EndGlobalSection
	GlobalSection(ExtensibilityGlobals) = postSolution
		SolutionGuid = {EB6C0EF4-AA6A-444D-8603-3669F73A58BC}
	EndGlobalSection
EndGlobal
